
Microsoft Visual Studio Solution File, Format Version 12.00
# Visual Studio 15
Project("{FAE04EC0-301F-11D3-BF4B-00C04F79EFBC}") = "Xamarin_s2.Android", "Xamarin_s2.Android\Xamarin_s2.Android.csproj", "{A215C6C4-8284-4179-8D72-DEC062A3DAB8}"
EndProject
Project("{FAE04EC0-301F-11D3-BF4B-00C04F79EFBC}") = "Xamarin_s2.iOS", "Xamarin_s2.iOS\Xamarin_s2.iOS.csproj", "{C9F6D982-7FAB-45B0-8F54-9223F934BE06}"
EndProject
Project("{FAE04EC0-301F-11D3-BF4B-00C04F79EFBC}") = "Xamarin_s2", "Xamarin_s2\Xamarin_s2.csproj", "{E2F3E1FA-5EBA-4C59-A3ED-1BD7B86C406F}"
EndProject
Global
	GlobalSection(SolutionConfigurationPlatforms) = preSolution
		Debug|Any CPU = Debug|Any CPU
		Release|Any CPU = Release|Any CPU
		Debug|iPhoneSimulator = Debug|iPhoneSimulator
		Release|iPhoneSimulator = Release|iPhoneSimulator
		Debug|iPhone = Debug|iPhone
		Release|iPhone = Release|iPhone
	EndGlobalSection
	GlobalSection(ProjectConfigurationPlatforms) = postSolution
		{A215C6C4-8284-4179-8D72-DEC062A3DAB8}.Debug|Any CPU.ActiveCfg = Debug|Any CPU
		{A215C6C4-8284-4179-8D72-DEC062A3DAB8}.Debug|Any CPU.Build.0 = Debug|Any CPU
		{A215C6C4-8284-4179-8D72-DEC062A3DAB8}.Release|Any CPU.ActiveCfg = Release|Any CPU
		{A215C6C4-8284-4179-8D72-DEC062A3DAB8}.Release|Any CPU.Build.0 = Release|Any CPU
		{A215C6C4-8284-4179-8D72-DEC062A3DAB8}.Debug|iPhoneSimulator.ActiveCfg = Debug|Any CPU
		{A215C6C4-8284-4179-8D72-DEC062A3DAB8}.Debug|iPhoneSimulator.Build.0 = Debug|Any CPU
		{A215C6C4-8284-4179-8D72-DEC062A3DAB8}.Release|iPhoneSimulator.ActiveCfg = Release|Any CPU
		{A215C6C4-8284-4179-8D72-DEC062A3DAB8}.Release|iPhoneSimulator.Build.0 = Release|Any CPU
		{A215C6C4-8284-4179-8D72-DEC062A3DAB8}.Debug|iPhone.ActiveCfg = Debug|Any CPU
		{A215C6C4-8284-4179-8D72-DEC062A3DAB8}.Debug|iPhone.Build.0 = Debug|Any CPU
		{A215C6C4-8284-4179-8D72-DEC062A3DAB8}.Release|iPhone.ActiveCfg = Release|Any CPU
		{A215C6C4-8284-4179-8D72-DEC062A3DAB8}.Release|iPhone.Build.0 = Release|Any CPU
		{C9F6D982-7FAB-45B0-8F54-9223F934BE06}.Debug|Any CPU.ActiveCfg = Debug|iPhoneSimulator
		{C9F6D982-7FAB-45B0-8F54-9223F934BE06}.Debug|Any CPU.Build.0 = Debug|iPhoneSimulator
		{C9F6D982-7FAB-45B0-8F54-9223F934BE06}.Release|Any CPU.ActiveCfg = Release|iPhoneSimulator
		{C9F6D982-7FAB-45B0-8F54-9223F934BE06}.Release|Any CPU.Build.0 = Release|iPhoneSimulator
		{C9F6D982-7FAB-45B0-8F54-9223F934BE06}.Debug|iPhoneSimulator.ActiveCfg = Debug|iPhoneSimulator
		{C9F6D982-7FAB-45B0-8F54-9223F934BE06}.Debug|iPhoneSimulator.Build.0 = Debug|iPhoneSimulator
		{C9F6D982-7FAB-45B0-8F54-9223F934BE06}.Release|iPhoneSimulator.ActiveCfg = Release|iPhoneSimulator
		{C9F6D982-7FAB-45B0-8F54-9223F934BE06}.Release|iPhoneSimulator.Build.0 = Release|iPhoneSimulator
		{C9F6D982-7FAB-45B0-8F54-9223F934BE06}.Debug|iPhone.ActiveCfg = Debug|iPhone
		{C9F6D982-7FAB-45B0-8F54-9223F934BE06}.Debug|iPhone.Build.0 = Debug|iPhone
		{C9F6D982-7FAB-45B0-8F54-9223F934BE06}.Release|iPhone.ActiveCfg = Release|iPhone
		{C9F6D982-7FAB-45B0-8F54-9223F934BE06}.Release|iPhone.Build.0 = Release|iPhone
		{E2F3E1FA-5EBA-4C59-A3ED-1BD7B86C406F}.Debug|Any CPU.ActiveCfg = Debug|Any CPU
		{E2F3E1FA-5EBA-4C59-A3ED-1BD7B86C406F}.Debug|Any CPU.Build.0 = Debug|Any CPU
		{E2F3E1FA-5EBA-4C59-A3ED-1BD7B86C406F}.Release|Any CPU.ActiveCfg = Release|Any CPU
		{E2F3E1FA-5EBA-4C59-A3ED-1BD7B86C406F}.Release|Any CPU.Build.0 = Release|Any CPU
		{E2F3E1FA-5EBA-4C59-A3ED-1BD7B86C406F}.Debug|iPhoneSimulator.ActiveCfg = Debug|Any CPU
		{E2F3E1FA-5EBA-4C59-A3ED-1BD7B86C406F}.Debug|iPhoneSimulator.Build.0 = Debug|Any CPU
		{E2F3E1FA-5EBA-4C59-A3ED-1BD7B86C406F}.Release|iPhoneSimulator.ActiveCfg = Release|Any CPU
		{E2F3E1FA-5EBA-4C59-A3ED-1BD7B86C406F}.Release|iPhoneSimulator.Build.0 = Release|Any CPU
		{E2F3E1FA-5EBA-4C59-A3ED-1BD7B86C406F}.Debug|iPhone.ActiveCfg = Debug|Any CPU
		{E2F3E1FA-5EBA-4C59-A3ED-1BD7B86C406F}.Debug|iPhone.Build.0 = Debug|Any CPU
		{E2F3E1FA-5EBA-4C59-A3ED-1BD7B86C406F}.Release|iPhone.ActiveCfg = Release|Any CPU
		{E2F3E1FA-5EBA-4C59-A3ED-1BD7B86C406F}.Release|iPhone.Build.0 = Release|Any CPU
	EndGlobalSection
EndGlobal
